
Microsoft Visual Studio Solution File, Format Version 12.00
# Visual Studio Version 17
VisualStudioVersion = 17.9.34723.18
MinimumVisualStudioVersion = 10.0.40219.1
Project("{9A19103F-16F7-4668-BE54-9A1E7A4F7556}") = "WeatherApp", "WeatherApp\WeatherApp.csproj", "{0CB647E9-6299-48F4-9420-3C5DA223550A}"
EndProject
Global
	GlobalSection(SolutionConfigurationPlatforms) = preSolution
		Debug|Any CPU = Debug|Any CPU
		Release|Any CPU = Release|Any CPU
	EndGlobalSection
	GlobalSection(ProjectConfigurationPlatforms) = postSolution
		{0CB647E9-6299-48F4-9420-3C5DA223550A}.Debug|Any CPU.ActiveCfg = Debug|Any CPU
		{0CB647E9-6299-48F4-9420-3C5DA223550A}.Debug|Any CPU.Build.0 = Debug|Any CPU
		{0CB647E9-6299-48F4-9420-3C5DA223550A}.Release|Any CPU.ActiveCfg = Release|Any CPU
		{0CB647E9-6299-48F4-9420-3C5DA223550A}.Release|Any CPU.Build.0 = Release|Any CPU
	EndGlobalSection
	GlobalSection(SolutionProperties) = preSolution
		HideSolutionNode = FALSE
	EndGlobalSection
	GlobalSection(ExtensibilityGlobals) = postSolution
		SolutionGuid = {F7F72A50-FA70-4EC1-A99F-5B0073A9B851}
	EndGlobalSection
EndGlobal
