
Microsoft Visual Studio Solution File, Format Version 12.00
# Visual Studio Version 17
VisualStudioVersion = 17.13.35806.99 d17.13
MinimumVisualStudioVersion = 10.0.40219.1
Project("{FAE04EC0-301F-11D3-BF4B-00C04F79EFBC}") = "ThemeModule", "ThemeModule\ThemeModule.csproj", "{503E9DE3-83F6-4B9B-A638-CC720BB1F8B7}"
EndProject
Global
	GlobalSection(SolutionConfigurationPlatforms) = preSolution
		Debug|Any CPU = Debug|Any CPU
		Release|Any CPU = Release|Any CPU
	EndGlobalSection
	GlobalSection(ProjectConfigurationPlatforms) = postSolution
		{503E9DE3-83F6-4B9B-A638-CC720BB1F8B7}.Debug|Any CPU.ActiveCfg = Debug|Any CPU
		{503E9DE3-83F6-4B9B-A638-CC720BB1F8B7}.Debug|Any CPU.Build.0 = Debug|Any CPU
		{503E9DE3-83F6-4B9B-A638-CC720BB1F8B7}.Release|Any CPU.ActiveCfg = Release|Any CPU
		{503E9DE3-83F6-4B9B-A638-CC720BB1F8B7}.Release|Any CPU.Build.0 = Release|Any CPU
	EndGlobalSection
	GlobalSection(SolutionProperties) = preSolution
		HideSolutionNode = FALSE
	EndGlobalSection
	GlobalSection(ExtensibilityGlobals) = postSolution
		SolutionGuid = {5C6BF9B0-2F1E-4944-BDC0-DD0A3ED39B9C}
	EndGlobalSection
EndGlobal
