
Microsoft Visual Studio Solution File, Format Version 12.00
# Visual Studio Version 17
VisualStudioVersion = 17.14.36109.1 d17.14
MinimumVisualStudioVersion = 10.0.40219.1
Project("{FAE04EC0-301F-11D3-BF4B-00C04F79EFBC}") = "ThemeTests", "ThemeTests\ThemeTests.csproj", "{F6D973B3-351A-4827-81EE-ED1CC227DF85}"
EndProject
Global
	GlobalSection(SolutionConfigurationPlatforms) = preSolution
		Debug|Any CPU = Debug|Any CPU
		Release|Any CPU = Release|Any CPU
	EndGlobalSection
	GlobalSection(ProjectConfigurationPlatforms) = postSolution
		{F6D973B3-351A-4827-81EE-ED1CC227DF85}.Debug|Any CPU.ActiveCfg = Debug|Any CPU
		{F6D973B3-351A-4827-81EE-ED1CC227DF85}.Debug|Any CPU.Build.0 = Debug|Any CPU
		{F6D973B3-351A-4827-81EE-ED1CC227DF85}.Release|Any CPU.ActiveCfg = Release|Any CPU
		{F6D973B3-351A-4827-81EE-ED1CC227DF85}.Release|Any CPU.Build.0 = Release|Any CPU
	EndGlobalSection
	GlobalSection(SolutionProperties) = preSolution
		HideSolutionNode = FALSE
	EndGlobalSection
	GlobalSection(ExtensibilityGlobals) = postSolution
		SolutionGuid = {8BD3E824-751A-426E-BC86-0650DF8F2AD2}
	EndGlobalSection
EndGlobal
