
Microsoft Visual Studio Solution File, Format Version 12.00
# Visual Studio Version 17
VisualStudioVersion = 17.13.35806.99 d17.13
MinimumVisualStudioVersion = 10.0.40219.1
Project("{FAE04EC0-301F-11D3-BF4B-00C04F79EFBC}") = "LanguageModule", "LanguageModule\LanguageModule.csproj", "{795307A4-CC00-4133-BB4F-91ACE4E24671}"
EndProject
Global
	GlobalSection(SolutionConfigurationPlatforms) = preSolution
		Debug|Any CPU = Debug|Any CPU
		Release|Any CPU = Release|Any CPU
	EndGlobalSection
	GlobalSection(ProjectConfigurationPlatforms) = postSolution
		{795307A4-CC00-4133-BB4F-91ACE4E24671}.Debug|Any CPU.ActiveCfg = Debug|Any CPU
		{795307A4-CC00-4133-BB4F-91ACE4E24671}.Debug|Any CPU.Build.0 = Debug|Any CPU
		{795307A4-CC00-4133-BB4F-91ACE4E24671}.Release|Any CPU.ActiveCfg = Release|Any CPU
		{795307A4-CC00-4133-BB4F-91ACE4E24671}.Release|Any CPU.Build.0 = Release|Any CPU
	EndGlobalSection
	GlobalSection(SolutionProperties) = preSolution
		HideSolutionNode = FALSE
	EndGlobalSection
	GlobalSection(ExtensibilityGlobals) = postSolution
		SolutionGuid = {9F594DCC-7805-4F59-8A20-25C9F1BEA35F}
	EndGlobalSection
EndGlobal
