
Microsoft Visual Studio Solution File, Format Version 12.00
# Visual Studio Version 16
VisualStudioVersion = 16.0.35731.53
MinimumVisualStudioVersion = 10.0.40219.1
Project("{FAE04EC0-301F-11D3-BF4B-00C04F79EFBC}") = "ThemeModule", "ThemeModule\ThemeModule.csproj", "{8FFE6023-46D2-42C6-9B3C-18BCA381E2E4}"
EndProject
Global
	GlobalSection(SolutionConfigurationPlatforms) = preSolution
		Debug|Any CPU = Debug|Any CPU
		Release|Any CPU = Release|Any CPU
	EndGlobalSection
	GlobalSection(ProjectConfigurationPlatforms) = postSolution
		{8FFE6023-46D2-42C6-9B3C-18BCA381E2E4}.Debug|Any CPU.ActiveCfg = Debug|Any CPU
		{8FFE6023-46D2-42C6-9B3C-18BCA381E2E4}.Debug|Any CPU.Build.0 = Debug|Any CPU
		{8FFE6023-46D2-42C6-9B3C-18BCA381E2E4}.Release|Any CPU.ActiveCfg = Release|Any CPU
		{8FFE6023-46D2-42C6-9B3C-18BCA381E2E4}.Release|Any CPU.Build.0 = Release|Any CPU
	EndGlobalSection
	GlobalSection(SolutionProperties) = preSolution
		HideSolutionNode = FALSE
	EndGlobalSection
	GlobalSection(ExtensibilityGlobals) = postSolution
		SolutionGuid = {C2D013D7-62AB-48F0-ADC1-EFE6A8000E59}
	EndGlobalSection
EndGlobal
